
Microsoft Visual Studio Solution File, Format Version 12.00
# Visual Studio Version 17
VisualStudioVersion = 17.14.36429.23
MinimumVisualStudioVersion = 10.0.40219.1
Project("{2150E333-8FDC-42A3-9474-1A3956D46DE8}") = "Task0", "Task0", "{02EA681E-C7D8-13C7-8484-4AC65E1B71E8}"
EndProject
Project("{FAE04EC0-301F-11D3-BF4B-00C04F79EFBC}") = "Tyuiu.ZavyalovKA.Sprint4.Task0.V13", "Tyuiu.ZavyalovKA.Sprint4.Task0.V13\Tyuiu.ZavyalovKA.Sprint4.Task0.V13.csproj", "{5F262988-99DF-4731-B2C9-E42A7CF9029D}"
EndProject
Project("{FAE04EC0-301F-11D3-BF4B-00C04F79EFBC}") = "Tyuiu.ZavyalovKA.Sprint4.Task0.V13.Lib", "Tyuiu.ZavyalovKA.Sprint4.Task0.V13.Lib\Tyuiu.ZavyalovKA.Sprint4.Task0.V13.Lib.csproj", "{772DA31D-DD5F-4BAB-A0AD-3EC877A7B628}"
EndProject
Project("{FAE04EC0-301F-11D3-BF4B-00C04F79EFBC}") = "Tyuiu.ZavyalovKA.Sprint4.Task0.V13.Test", "Tyuiu.ZavyalovKA.Sprint4.Task0.V13.Test\Tyuiu.ZavyalovKA.Sprint4.Task0.V13.Test.csproj", "{C1940501-7007-4F6F-A5A7-4B312672993A}"
EndProject
Project("{2150E333-8FDC-42A3-9474-1A3956D46DE8}") = "Task1", "Task1", "{F4743DCF-0D2E-440F-9FCA-EF5AC79A5898}"
EndProject
Project("{FAE04EC0-301F-11D3-BF4B-00C04F79EFBC}") = "Tyuiu.ZavyalovKA.Sprint4.Task1.V23", "Tyuiu.ZavyalovKA.Sprint4.Task1.V23\Tyuiu.ZavyalovKA.Sprint4.Task1.V23.csproj", "{8503DA09-DC76-41E0-B063-3B1ED2DEE90F}"
EndProject
Project("{FAE04EC0-301F-11D3-BF4B-00C04F79EFBC}") = "Tyuiu.ZavyalovKA.Sprint4.Task1.V23.Lib", "Tyuiu.ZavyalovKA.Sprint4.Task1.V23.Lib\Tyuiu.ZavyalovKA.Sprint4.Task1.V23.Lib.csproj", "{E1DDA74E-01AD-4ED1-8D21-46DD014B412B}"
EndProject
Project("{FAE04EC0-301F-11D3-BF4B-00C04F79EFBC}") = "Tyuiu.ZavyalovKA.Sprint4.Task1.V23.Test", "Tyuiu.ZavyalovKA.Sprint4.Task1.V23.Test\Tyuiu.ZavyalovKA.Sprint4.Task1.V23.Test.csproj", "{B03DBE12-1996-424A-BC25-4B6DF802A346}"
EndProject
Project("{2150E333-8FDC-42A3-9474-1A3956D46DE8}") = "Task2", "Task2", "{AAE80124-06B4-469A-B35F-5C40534F0095}"
EndProject
Project("{FAE04EC0-301F-11D3-BF4B-00C04F79EFBC}") = "Tyuiu.ZavyalovKA.Sprint4.Task2.V16", "Tyuiu.ZavyalovKA.Sprint4.Task2.V16\Tyuiu.ZavyalovKA.Sprint4.Task2.V16.csproj", "{A557A710-D3B5-4422-A244-E813F06A904F}"
EndProject
Project("{FAE04EC0-301F-11D3-BF4B-00C04F79EFBC}") = "Tyuiu.ZavyalovKA.Sprint4.Task2.V16.Lib", "Tyuiu.ZavyalovKA.Sprint4.Task2.V16.Lib\Tyuiu.ZavyalovKA.Sprint4.Task2.V16.Lib.csproj", "{AF9ECDAB-3B35-48B9-A986-5D3308DFFFA8}"
EndProject
Project("{FAE04EC0-301F-11D3-BF4B-00C04F79EFBC}") = "Tyuiu.ZavyalovKA.Sprint4.Task2.V16.Test", "Tyuiu.ZavyalovKA.Sprint4.Task2.V16.Test\Tyuiu.ZavyalovKA.Sprint4.Task2.V16.Test.csproj", "{A4AB3732-BA46-4DAD-9EAC-5C841BF24A51}"
EndProject
Project("{2150E333-8FDC-42A3-9474-1A3956D46DE8}") = "Task3", "Task3", "{8A23E04E-C6E1-4DB4-A0B7-63B651787A4B}"
EndProject
Project("{FAE04EC0-301F-11D3-BF4B-00C04F79EFBC}") = "Tyuiu.ZavyalovKA.Sprint4.Task3.V9", "Tyuiu.ZavyalovKA.Sprint4.Task3.V9\Tyuiu.ZavyalovKA.Sprint4.Task3.V9.csproj", "{FBD4818B-17E3-4026-9740-4250D690E894}"
EndProject
Project("{FAE04EC0-301F-11D3-BF4B-00C04F79EFBC}") = "Tyuiu.ZavyalovKA.Sprint4.Task3.V9.Lib", "Tyuiu.ZavyalovKA.Sprint4.Task3.V9.Lib\Tyuiu.ZavyalovKA.Sprint4.Task3.V9.Lib.csproj", "{E09EAF39-0554-46C8-B880-8811497C2A3E}"
EndProject
Project("{FAE04EC0-301F-11D3-BF4B-00C04F79EFBC}") = "Tyuiu.ZavyalovKA.Sprint4.Task3.V9.Test", "Tyuiu.ZavyalovKA.Sprint4.Task3.V9.Test\Tyuiu.ZavyalovKA.Sprint4.Task3.V9.Test.csproj", "{A67E57E6-09E8-4775-A3BE-DA561E437E88}"
EndProject
Project("{2150E333-8FDC-42A3-9474-1A3956D46DE8}") = "Task4", "Task4", "{52359386-F413-4E21-A496-56ADDCA13963}"
EndProject
Project("{FAE04EC0-301F-11D3-BF4B-00C04F79EFBC}") = "Tyuiu.ZavyalovKA.Sprint4.Task4.V16", "Tyuiu.ZavyalovKA.Sprint4.Task4.V16\Tyuiu.ZavyalovKA.Sprint4.Task4.V16.csproj", "{CFFAE76B-37C3-4673-8917-55F7CC1DB133}"
EndProject
Project("{FAE04EC0-301F-11D3-BF4B-00C04F79EFBC}") = "Tyuiu.ZavyalovKA.Sprint4.Task4.V16.Lib", "Tyuiu.ZavyalovKA.Sprint4.Task4.V16.Lib\Tyuiu.ZavyalovKA.Sprint4.Task4.V16.Lib.csproj", "{75087412-4843-4A71-9691-1AD1702C98B6}"
EndProject
Project("{FAE04EC0-301F-11D3-BF4B-00C04F79EFBC}") = "Tyuiu.ZavyalovKA.Sprint4.Task4.V16.Test", "Tyuiu.ZavyalovKA.Sprint4.Task4.V16.Test\Tyuiu.ZavyalovKA.Sprint4.Task4.V16.Test.csproj", "{065F7B53-DBDF-4AA6-9CE6-B24DE2B9D1B2}"
EndProject
Global
	GlobalSection(SolutionConfigurationPlatforms) = preSolution
		Debug|Any CPU = Debug|Any CPU
		Release|Any CPU = Release|Any CPU
	EndGlobalSection
	GlobalSection(ProjectConfigurationPlatforms) = postSolution
		{5F262988-99DF-4731-B2C9-E42A7CF9029D}.Debug|Any CPU.ActiveCfg = Debug|Any CPU
		{5F262988-99DF-4731-B2C9-E42A7CF9029D}.Debug|Any CPU.Build.0 = Debug|Any CPU
		{5F262988-99DF-4731-B2C9-E42A7CF9029D}.Release|Any CPU.ActiveCfg = Release|Any CPU
		{5F262988-99DF-4731-B2C9-E42A7CF9029D}.Release|Any CPU.Build.0 = Release|Any CPU
		{772DA31D-DD5F-4BAB-A0AD-3EC877A7B628}.Debug|Any CPU.ActiveCfg = Debug|Any CPU
		{772DA31D-DD5F-4BAB-A0AD-3EC877A7B628}.Debug|Any CPU.Build.0 = Debug|Any CPU
		{772DA31D-DD5F-4BAB-A0AD-3EC877A7B628}.Release|Any CPU.ActiveCfg = Release|Any CPU
		{772DA31D-DD5F-4BAB-A0AD-3EC877A7B628}.Release|Any CPU.Build.0 = Release|Any CPU
		{C1940501-7007-4F6F-A5A7-4B312672993A}.Debug|Any CPU.ActiveCfg = Debug|Any CPU
		{C1940501-7007-4F6F-A5A7-4B312672993A}.Debug|Any CPU.Build.0 = Debug|Any CPU
		{C1940501-7007-4F6F-A5A7-4B312672993A}.Release|Any CPU.ActiveCfg = Release|Any CPU
		{C1940501-7007-4F6F-A5A7-4B312672993A}.Release|Any CPU.Build.0 = Release|Any CPU
		{8503DA09-DC76-41E0-B063-3B1ED2DEE90F}.Debug|Any CPU.ActiveCfg = Debug|Any CPU
		{8503DA09-DC76-41E0-B063-3B1ED2DEE90F}.Debug|Any CPU.Build.0 = Debug|Any CPU
		{8503DA09-DC76-41E0-B063-3B1ED2DEE90F}.Release|Any CPU.ActiveCfg = Release|Any CPU
		{8503DA09-DC76-41E0-B063-3B1ED2DEE90F}.Release|Any CPU.Build.0 = Release|Any CPU
		{E1DDA74E-01AD-4ED1-8D21-46DD014B412B}.Debug|Any CPU.ActiveCfg = Debug|Any CPU
		{E1DDA74E-01AD-4ED1-8D21-46DD014B412B}.Debug|Any CPU.Build.0 = Debug|Any CPU
		{E1DDA74E-01AD-4ED1-8D21-46DD014B412B}.Release|Any CPU.ActiveCfg = Release|Any CPU
		{E1DDA74E-01AD-4ED1-8D21-46DD014B412B}.Release|Any CPU.Build.0 = Release|Any CPU
		{B03DBE12-1996-424A-BC25-4B6DF802A346}.Debug|Any CPU.ActiveCfg = Debug|Any CPU
		{B03DBE12-1996-424A-BC25-4B6DF802A346}.Debug|Any CPU.Build.0 = Debug|Any CPU
		{B03DBE12-1996-424A-BC25-4B6DF802A346}.Release|Any CPU.ActiveCfg = Release|Any CPU
		{B03DBE12-1996-424A-BC25-4B6DF802A346}.Release|Any CPU.Build.0 = Release|Any CPU
		{A557A710-D3B5-4422-A244-E813F06A904F}.Debug|Any CPU.ActiveCfg = Debug|Any CPU
		{A557A710-D3B5-4422-A244-E813F06A904F}.Debug|Any CPU.Build.0 = Debug|Any CPU
		{A557A710-D3B5-4422-A244-E813F06A904F}.Release|Any CPU.ActiveCfg = Release|Any CPU
		{A557A710-D3B5-4422-A244-E813F06A904F}.Release|Any CPU.Build.0 = Release|Any CPU
		{AF9ECDAB-3B35-48B9-A986-5D3308DFFFA8}.Debug|Any CPU.ActiveCfg = Debug|Any CPU
		{AF9ECDAB-3B35-48B9-A986-5D3308DFFFA8}.Debug|Any CPU.Build.0 = Debug|Any CPU
		{AF9ECDAB-3B35-48B9-A986-5D3308DFFFA8}.Release|Any CPU.ActiveCfg = Release|Any CPU
		{AF9ECDAB-3B35-48B9-A986-5D3308DFFFA8}.Release|Any CPU.Build.0 = Release|Any CPU
		{A4AB3732-BA46-4DAD-9EAC-5C841BF24A51}.Debug|Any CPU.ActiveCfg = Debug|Any CPU
		{A4AB3732-BA46-4DAD-9EAC-5C841BF24A51}.Debug|Any CPU.Build.0 = Debug|Any CPU
		{A4AB3732-BA46-4DAD-9EAC-5C841BF24A51}.Release|Any CPU.ActiveCfg = Release|Any CPU
		{A4AB3732-BA46-4DAD-9EAC-5C841BF24A51}.Release|Any CPU.Build.0 = Release|Any CPU
		{FBD4818B-17E3-4026-9740-4250D690E894}.Debug|Any CPU.ActiveCfg = Debug|Any CPU
		{FBD4818B-17E3-4026-9740-4250D690E894}.Debug|Any CPU.Build.0 = Debug|Any CPU
		{FBD4818B-17E3-4026-9740-4250D690E894}.Release|Any CPU.ActiveCfg = Release|Any CPU
		{FBD4818B-17E3-4026-9740-4250D690E894}.Release|Any CPU.Build.0 = Release|Any CPU
		{E09EAF39-0554-46C8-B880-8811497C2A3E}.Debug|Any CPU.ActiveCfg = Debug|Any CPU
		{E09EAF39-0554-46C8-B880-8811497C2A3E}.Debug|Any CPU.Build.0 = Debug|Any CPU
		{E09EAF39-0554-46C8-B880-8811497C2A3E}.Release|Any CPU.ActiveCfg = Release|Any CPU
		{E09EAF39-0554-46C8-B880-8811497C2A3E}.Release|Any CPU.Build.0 = Release|Any CPU
		{A67E57E6-09E8-4775-A3BE-DA561E437E88}.Debug|Any CPU.ActiveCfg = Debug|Any CPU
		{A67E57E6-09E8-4775-A3BE-DA561E437E88}.Debug|Any CPU.Build.0 = Debug|Any CPU
		{A67E57E6-09E8-4775-A3BE-DA561E437E88}.Release|Any CPU.ActiveCfg = Release|Any CPU
		{A67E57E6-09E8-4775-A3BE-DA561E437E88}.Release|Any CPU.Build.0 = Release|Any CPU
		{CFFAE76B-37C3-4673-8917-55F7CC1DB133}.Debug|Any CPU.ActiveCfg = Debug|Any CPU
		{CFFAE76B-37C3-4673-8917-55F7CC1DB133}.Debug|Any CPU.Build.0 = Debug|Any CPU
		{CFFAE76B-37C3-4673-8917-55F7CC1DB133}.Release|Any CPU.ActiveCfg = Release|Any CPU
		{CFFAE76B-37C3-4673-8917-55F7CC1DB133}.Release|Any CPU.Build.0 = Release|Any CPU
		{75087412-4843-4A71-9691-1AD1702C98B6}.Debug|Any CPU.ActiveCfg = Debug|Any CPU
		{75087412-4843-4A71-9691-1AD1702C98B6}.Debug|Any CPU.Build.0 = Debug|Any CPU
		{75087412-4843-4A71-9691-1AD1702C98B6}.Release|Any CPU.ActiveCfg = Release|Any CPU
		{75087412-4843-4A71-9691-1AD1702C98B6}.Release|Any CPU.Build.0 = Release|Any CPU
		{065F7B53-DBDF-4AA6-9CE6-B24DE2B9D1B2}.Debug|Any CPU.ActiveCfg = Debug|Any CPU
		{065F7B53-DBDF-4AA6-9CE6-B24DE2B9D1B2}.Debug|Any CPU.Build.0 = Debug|Any CPU
		{065F7B53-DBDF-4AA6-9CE6-B24DE2B9D1B2}.Release|Any CPU.ActiveCfg = Release|Any CPU
		{065F7B53-DBDF-4AA6-9CE6-B24DE2B9D1B2}.Release|Any CPU.Build.0 = Release|Any CPU
	EndGlobalSection
	GlobalSection(SolutionProperties) = preSolution
		HideSolutionNode = FALSE
	EndGlobalSection
	GlobalSection(NestedProjects) = preSolution
		{5F262988-99DF-4731-B2C9-E42A7CF9029D} = {02EA681E-C7D8-13C7-8484-4AC65E1B71E8}
		{772DA31D-DD5F-4BAB-A0AD-3EC877A7B628} = {02EA681E-C7D8-13C7-8484-4AC65E1B71E8}
		{C1940501-7007-4F6F-A5A7-4B312672993A} = {02EA681E-C7D8-13C7-8484-4AC65E1B71E8}
		{8503DA09-DC76-41E0-B063-3B1ED2DEE90F} = {F4743DCF-0D2E-440F-9FCA-EF5AC79A5898}
		{E1DDA74E-01AD-4ED1-8D21-46DD014B412B} = {F4743DCF-0D2E-440F-9FCA-EF5AC79A5898}
		{B03DBE12-1996-424A-BC25-4B6DF802A346} = {F4743DCF-0D2E-440F-9FCA-EF5AC79A5898}
		{A557A710-D3B5-4422-A244-E813F06A904F} = {AAE80124-06B4-469A-B35F-5C40534F0095}
		{AF9ECDAB-3B35-48B9-A986-5D3308DFFFA8} = {AAE80124-06B4-469A-B35F-5C40534F0095}
		{A4AB3732-BA46-4DAD-9EAC-5C841BF24A51} = {AAE80124-06B4-469A-B35F-5C40534F0095}
		{FBD4818B-17E3-4026-9740-4250D690E894} = {8A23E04E-C6E1-4DB4-A0B7-63B651787A4B}
		{E09EAF39-0554-46C8-B880-8811497C2A3E} = {8A23E04E-C6E1-4DB4-A0B7-63B651787A4B}
		{A67E57E6-09E8-4775-A3BE-DA561E437E88} = {8A23E04E-C6E1-4DB4-A0B7-63B651787A4B}
		{CFFAE76B-37C3-4673-8917-55F7CC1DB133} = {52359386-F413-4E21-A496-56ADDCA13963}
		{75087412-4843-4A71-9691-1AD1702C98B6} = {52359386-F413-4E21-A496-56ADDCA13963}
		{065F7B53-DBDF-4AA6-9CE6-B24DE2B9D1B2} = {52359386-F413-4E21-A496-56ADDCA13963}
	EndGlobalSection
	GlobalSection(ExtensibilityGlobals) = postSolution
		SolutionGuid = {FAAE5DF0-E8B6-4A0C-8206-86E0ED7DCF5D}
	EndGlobalSection
EndGlobal
